// !$*UTF8*$!
{
	archiveVersion = 1;
	classes = {
	};
	objectVersion = 50;
	objects = {

/* Begin PBXBuildFile section */
		8A0ACEB92509F91700D7BCC5 /* NotificationsViewController.swift in Sources */ = {isa = PBXBuildFile; fileRef = 8A0ACEB82509F91700D7BCC5 /* NotificationsViewController.swift */; };
		8A18FA16250CA57D00B7BCB5 /* OHCircleSegue.swift in Sources */ = {isa = PBXBuildFile; fileRef = 8A18FA15250CA57D00B7BCB5 /* OHCircleSegue.swift */; };
		8A860EFA250B0C8100FE186E /* TabViewController.swift in Sources */ = {isa = PBXBuildFile; fileRef = 8A860EF9250B0C8100FE186E /* TabViewController.swift */; };
		8A877F562508A6C500B89473 /* LessonList.swift in Sources */ = {isa = PBXBuildFile; fileRef = 8A877F552508A6C500B89473 /* LessonList.swift */; };
		8A877F5A2508B5F300B89473 /* StartingScreenViewController.swift in Sources */ = {isa = PBXBuildFile; fileRef = 8A877F592508B5F300B89473 /* StartingScreenViewController.swift */; };
		8AB13DC2250B253000B97E3C /* SettingsTableViewController.swift in Sources */ = {isa = PBXBuildFile; fileRef = 8AB13DC1250B253000B97E3C /* SettingsTableViewController.swift */; };
		8AB13DC4250B25BC00B97E3C /* SelectableCountriesTableViewController.swift in Sources */ = {isa = PBXBuildFile; fileRef = 8AB13DC3250B25BC00B97E3C /* SelectableCountriesTableViewController.swift */; };
		8ABBD0E124FCA1AC00B60D73 /* Data.swift in Sources */ = {isa = PBXBuildFile; fileRef = 8ABBD0E024FCA1AC00B60D73 /* Data.swift */; };
		8ADCEE5424F36AF000E92018 /* GoogleService-Info.plist in Resources */ = {isa = PBXBuildFile; fileRef = 8ADCEE5324F36AF000E92018 /* GoogleService-Info.plist */; };
		8AE2E44124EE33B0003F97E3 /* DisasterTableViewController.swift in Sources */ = {isa = PBXBuildFile; fileRef = 8AE2E44024EE33B0003F97E3 /* DisasterTableViewController.swift */; };
		8AE2E44524EE3CDC003F97E3 /* LearnTableViewController.swift in Sources */ = {isa = PBXBuildFile; fileRef = 8AE2E44424EE3CDC003F97E3 /* LearnTableViewController.swift */; };
		8AE2E44924EE3EA0003F97E3 /* DisasterInfoViewController.swift in Sources */ = {isa = PBXBuildFile; fileRef = 8AE2E44824EE3EA0003F97E3 /* DisasterInfoViewController.swift */; };
		8AF6E84224F76F1600E53DBD /* LessonNameViewController.swift in Sources */ = {isa = PBXBuildFile; fileRef = 8AF6E84124F76F1600E53DBD /* LessonNameViewController.swift */; };
		8AFB0F2224EB5D8E00BA900D /* AppDelegate.swift in Sources */ = {isa = PBXBuildFile; fileRef = 8AFB0F2124EB5D8E00BA900D /* AppDelegate.swift */; };
		8AFB0F2424EB5D8E00BA900D /* SceneDelegate.swift in Sources */ = {isa = PBXBuildFile; fileRef = 8AFB0F2324EB5D8E00BA900D /* SceneDelegate.swift */; };
		8AFB0F2624EB5D8E00BA900D /* ViewController.swift in Sources */ = {isa = PBXBuildFile; fileRef = 8AFB0F2524EB5D8E00BA900D /* ViewController.swift */; };
		8AFB0F2924EB5D8E00BA900D /* Main.storyboard in Resources */ = {isa = PBXBuildFile; fileRef = 8AFB0F2724EB5D8E00BA900D /* Main.storyboard */; };
		8AFB0F2B24EB5D9500BA900D /* Assets.xcassets in Resources */ = {isa = PBXBuildFile; fileRef = 8AFB0F2A24EB5D9500BA900D /* Assets.xcassets */; };
		8AFB0F2E24EB5D9500BA900D /* LaunchScreen.storyboard in Resources */ = {isa = PBXBuildFile; fileRef = 8AFB0F2C24EB5D9500BA900D /* LaunchScreen.storyboard */; };
		8AFB0F3624EB63C500BA900D /* HomeViewController.swift in Sources */ = {isa = PBXBuildFile; fileRef = 8AFB0F3524EB63C500BA900D /* HomeViewController.swift */; };
/* End PBXBuildFile section */

/* Begin PBXFileReference section */
		8A0ACEB82509F91700D7BCC5 /* NotificationsViewController.swift */ = {isa = PBXFileReference; lastKnownFileType = sourcecode.swift; path = NotificationsViewController.swift; sourceTree = "<group>"; };
		8A18FA15250CA57D00B7BCB5 /* OHCircleSegue.swift */ = {isa = PBXFileReference; fileEncoding = 4; lastKnownFileType = sourcecode.swift; path = OHCircleSegue.swift; sourceTree = "<group>"; };
		8A860EF9250B0C8100FE186E /* TabViewController.swift */ = {isa = PBXFileReference; lastKnownFileType = sourcecode.swift; path = TabViewController.swift; sourceTree = "<group>"; };
		8A877F552508A6C500B89473 /* LessonList.swift */ = {isa = PBXFileReference; lastKnownFileType = sourcecode.swift; path = LessonList.swift; sourceTree = "<group>"; };
		8A877F592508B5F300B89473 /* StartingScreenViewController.swift */ = {isa = PBXFileReference; lastKnownFileType = sourcecode.swift; path = StartingScreenViewController.swift; sourceTree = "<group>"; };
		8AB13DC1250B253000B97E3C /* SettingsTableViewController.swift */ = {isa = PBXFileReference; lastKnownFileType = sourcecode.swift; path = SettingsTableViewController.swift; sourceTree = "<group>"; };
		8AB13DC3250B25BC00B97E3C /* SelectableCountriesTableViewController.swift */ = {isa = PBXFileReference; lastKnownFileType = sourcecode.swift; path = SelectableCountriesTableViewController.swift; sourceTree = "<group>"; };
		8ABBD0E024FCA1AC00B60D73 /* Data.swift */ = {isa = PBXFileReference; lastKnownFileType = sourcecode.swift; path = Data.swift; sourceTree = "<group>"; };
		8ADCEE5324F36AF000E92018 /* GoogleService-Info.plist */ = {isa = PBXFileReference; fileEncoding = 4; lastKnownFileType = text.plist.xml; path = "GoogleService-Info.plist"; sourceTree = "<group>"; };
		8AE2E44024EE33B0003F97E3 /* DisasterTableViewController.swift */ = {isa = PBXFileReference; lastKnownFileType = sourcecode.swift; path = DisasterTableViewController.swift; sourceTree = "<group>"; };
		8AE2E44424EE3CDC003F97E3 /* LearnTableViewController.swift */ = {isa = PBXFileReference; lastKnownFileType = sourcecode.swift; path = LearnTableViewController.swift; sourceTree = "<group>"; };
		8AE2E44824EE3EA0003F97E3 /* DisasterInfoViewController.swift */ = {isa = PBXFileReference; lastKnownFileType = sourcecode.swift; path = DisasterInfoViewController.swift; sourceTree = "<group>"; };
		8AF6E84124F76F1600E53DBD /* LessonNameViewController.swift */ = {isa = PBXFileReference; lastKnownFileType = sourcecode.swift; path = LessonNameViewController.swift; sourceTree = "<group>"; };
		8AFB0F1E24EB5D8E00BA900D /* Syren.app */ = {isa = PBXFileReference; explicitFileType = wrapper.application; includeInIndex = 0; path = Syren.app; sourceTree = BUILT_PRODUCTS_DIR; };
		8AFB0F2124EB5D8E00BA900D /* AppDelegate.swift */ = {isa = PBXFileReference; lastKnownFileType = sourcecode.swift; path = AppDelegate.swift; sourceTree = "<group>"; };
		8AFB0F2324EB5D8E00BA900D /* SceneDelegate.swift */ = {isa = PBXFileReference; lastKnownFileType = sourcecode.swift; path = SceneDelegate.swift; sourceTree = "<group>"; };
		8AFB0F2524EB5D8E00BA900D /* ViewController.swift */ = {isa = PBXFileReference; lastKnownFileType = sourcecode.swift; path = ViewController.swift; sourceTree = "<group>"; };
		8AFB0F2824EB5D8E00BA900D /* Base */ = {isa = PBXFileReference; lastKnownFileType = file.storyboard; name = Base; path = Base.lproj/Main.storyboard; sourceTree = "<group>"; };
		8AFB0F2A24EB5D9500BA900D /* Assets.xcassets */ = {isa = PBXFileReference; lastKnownFileType = folder.assetcatalog; path = Assets.xcassets; sourceTree = "<group>"; };
		8AFB0F2D24EB5D9500BA900D /* Base */ = {isa = PBXFileReference; lastKnownFileType = file.storyboard; name = Base; path = Base.lproj/LaunchScreen.storyboard; sourceTree = "<group>"; };
		8AFB0F2F24EB5D9500BA900D /* Info.plist */ = {isa = PBXFileReference; lastKnownFileType = text.plist.xml; path = Info.plist; sourceTree = "<group>"; };
		8AFB0F3524EB63C500BA900D /* HomeViewController.swift */ = {isa = PBXFileReference; lastKnownFileType = sourcecode.swift; path = HomeViewController.swift; sourceTree = "<group>"; };
/* End PBXFileReference section */

/* Begin PBXFrameworksBuildPhase section */
		8AFB0F1B24EB5D8E00BA900D /* Frameworks */ = {
			isa = PBXFrameworksBuildPhase;
			buildActionMask = 2147483647;
			files = (
			);
			runOnlyForDeploymentPostprocessing = 0;
		};
/* End PBXFrameworksBuildPhase section */

/* Begin PBXGroup section */
		8AFB0F1524EB5D8E00BA900D = {
			isa = PBXGroup;
			children = (
				8AFB0F2024EB5D8E00BA900D /* Syren */,
				8AFB0F1F24EB5D8E00BA900D /* Products */,
				BF9C0FED54FB547AF9C188FD /* Pods */,
			);
			sourceTree = "<group>";
		};
		8AFB0F1F24EB5D8E00BA900D /* Products */ = {
			isa = PBXGroup;
			children = (
				8AFB0F1E24EB5D8E00BA900D /* Syren.app */,
			);
			name = Products;
			sourceTree = "<group>";
		};
		8AFB0F2024EB5D8E00BA900D /* Syren */ = {
			isa = PBXGroup;
			children = (
				8AFB0F2124EB5D8E00BA900D /* AppDelegate.swift */,
				8AFB0F2324EB5D8E00BA900D /* SceneDelegate.swift */,
				8AFB0F2724EB5D8E00BA900D /* Main.storyboard */,
				8AB13DC3250B25BC00B97E3C /* SelectableCountriesTableViewController.swift */,
				8AB13DC1250B253000B97E3C /* SettingsTableViewController.swift */,
				8A860EF9250B0C8100FE186E /* TabViewController.swift */,
				8A0ACEB82509F91700D7BCC5 /* NotificationsViewController.swift */,
				8AF6E84124F76F1600E53DBD /* LessonNameViewController.swift */,
				8A877F592508B5F300B89473 /* StartingScreenViewController.swift */,
				8AE2E44824EE3EA0003F97E3 /* DisasterInfoViewController.swift */,
				8AFB0F2524EB5D8E00BA900D /* ViewController.swift */,
				8AE2E44024EE33B0003F97E3 /* DisasterTableViewController.swift */,
				8AFB0F3524EB63C500BA900D /* HomeViewController.swift */,
				8AE2E44424EE3CDC003F97E3 /* LearnTableViewController.swift */,
				8AFB0F2A24EB5D9500BA900D /* Assets.xcassets */,
				8AFB0F2C24EB5D9500BA900D /* LaunchScreen.storyboard */,
				8ADCEE5324F36AF000E92018 /* GoogleService-Info.plist */,
				8AFB0F2F24EB5D9500BA900D /* Info.plist */,
				8A18FA15250CA57D00B7BCB5 /* OHCircleSegue.swift */,
				8ABBD0E024FCA1AC00B60D73 /* Data.swift */,
				8A877F552508A6C500B89473 /* LessonList.swift */,
			);
			path = Syren;
			sourceTree = "<group>";
		};
		BF9C0FED54FB547AF9C188FD /* Pods */ = {
			isa = PBXGroup;
			children = (
			);
			path = Pods;
			sourceTree = "<group>";
		};
/* End PBXGroup section */

/* Begin PBXNativeTarget section */
		8AFB0F1D24EB5D8E00BA900D /* Syren */ = {
			isa = PBXNativeTarget;
			buildConfigurationList = 8AFB0F3224EB5D9500BA900D /* Build configuration list for PBXNativeTarget "Syren" */;
			buildPhases = (
				8AFB0F1A24EB5D8E00BA900D /* Sources */,
				8AFB0F1B24EB5D8E00BA900D /* Frameworks */,
				8AFB0F1C24EB5D8E00BA900D /* Resources */,
			);
			buildRules = (
			);
			dependencies = (
			);
			name = Syren;
			productName = Syren;
			productReference = 8AFB0F1E24EB5D8E00BA900D /* Syren.app */;
			productType = "com.apple.product-type.application";
		};
/* End PBXNativeTarget section */

/* Begin PBXProject section */
		8AFB0F1624EB5D8E00BA900D /* Project object */ = {
			isa = PBXProject;
			attributes = {
				LastSwiftUpdateCheck = 1160;
				LastUpgradeCheck = 1160;
				ORGANIZATIONNAME = "Joshua Lim";
				TargetAttributes = {
					8AFB0F1D24EB5D8E00BA900D = {
						CreatedOnToolsVersion = 11.6;
					};
				};
			};
			buildConfigurationList = 8AFB0F1924EB5D8E00BA900D /* Build configuration list for PBXProject "Syren" */;
			compatibilityVersion = "Xcode 9.3";
			developmentRegion = en;
			hasScannedForEncodings = 0;
			knownRegions = (
				en,
				Base,
			);
			mainGroup = 8AFB0F1524EB5D8E00BA900D;
			productRefGroup = 8AFB0F1F24EB5D8E00BA900D /* Products */;
			projectDirPath = "";
			projectRoot = "";
			targets = (
				8AFB0F1D24EB5D8E00BA900D /* Syren */,
			);
		};
/* End PBXProject section */

/* Begin PBXResourcesBuildPhase section */
		8AFB0F1C24EB5D8E00BA900D /* Resources */ = {
			isa = PBXResourcesBuildPhase;
			buildActionMask = 2147483647;
			files = (
				8AFB0F2E24EB5D9500BA900D /* LaunchScreen.storyboard in Resources */,
				8ADCEE5424F36AF000E92018 /* GoogleService-Info.plist in Resources */,
				8AFB0F2B24EB5D9500BA900D /* Assets.xcassets in Resources */,
				8AFB0F2924EB5D8E00BA900D /* Main.storyboard in Resources */,
			);
			runOnlyForDeploymentPostprocessing = 0;
		};
/* End PBXResourcesBuildPhase section */

/* Begin PBXSourcesBuildPhase section */
		8AFB0F1A24EB5D8E00BA900D /* Sources */ = {
			isa = PBXSourcesBuildPhase;
			buildActionMask = 2147483647;
			files = (
				8A18FA16250CA57D00B7BCB5 /* OHCircleSegue.swift in Sources */,
				8AE2E44124EE33B0003F97E3 /* DisasterTableViewController.swift in Sources */,
				8AF6E84224F76F1600E53DBD /* LessonNameViewController.swift in Sources */,
				8AFB0F2624EB5D8E00BA900D /* ViewController.swift in Sources */,
				8A0ACEB92509F91700D7BCC5 /* NotificationsViewController.swift in Sources */,
				8A860EFA250B0C8100FE186E /* TabViewController.swift in Sources */,
				8AE2E44524EE3CDC003F97E3 /* LearnTableViewController.swift in Sources */,
				8AB13DC2250B253000B97E3C /* SettingsTableViewController.swift in Sources */,
				8AFB0F2224EB5D8E00BA900D /* AppDelegate.swift in Sources */,
				8A877F562508A6C500B89473 /* LessonList.swift in Sources */,
				8AE2E44924EE3EA0003F97E3 /* DisasterInfoViewController.swift in Sources */,
				8AFB0F2424EB5D8E00BA900D /* SceneDelegate.swift in Sources */,
				8AB13DC4250B25BC00B97E3C /* SelectableCountriesTableViewController.swift in Sources */,
				8ABBD0E124FCA1AC00B60D73 /* Data.swift in Sources */,
				8AFB0F3624EB63C500BA900D /* HomeViewController.swift in Sources */,
				8A877F5A2508B5F300B89473 /* StartingScreenViewController.swift in Sources */,
			);
			runOnlyForDeploymentPostprocessing = 0;
		};
/* End PBXSourcesBuildPhase section */

/* Begin PBXVariantGroup section */
		8AFB0F2724EB5D8E00BA900D /* Main.storyboard */ = {
			isa = PBXVariantGroup;
			children = (
				8AFB0F2824EB5D8E00BA900D /* Base */,
			);
			name = Main.storyboard;
			sourceTree = "<group>";
		};
		8AFB0F2C24EB5D9500BA900D /* LaunchScreen.storyboard */ = {
			isa = PBXVariantGroup;
			children = (
				8AFB0F2D24EB5D9500BA900D /* Base */,
			);
			name = LaunchScreen.storyboard;
			sourceTree = "<group>";
		};
/* End PBXVariantGroup section */

/* Begin XCBuildConfiguration section */
		8AFB0F3024EB5D9500BA900D /* Debug */ = {
			isa = XCBuildConfiguration;
			buildSettings = {
				ALWAYS_SEARCH_USER_PATHS = NO;
				CLANG_ANALYZER_NONNULL = YES;
				CLANG_ANALYZER_NUMBER_OBJECT_CONVERSION = YES_AGGRESSIVE;
				CLANG_CXX_LANGUAGE_STANDARD = "gnu++14";
				CLANG_CXX_LIBRARY = "libc++";
				CLANG_ENABLE_MODULES = YES;
				CLANG_ENABLE_OBJC_ARC = YES;
				CLANG_ENABLE_OBJC_WEAK = YES;
				CLANG_WARN_BLOCK_CAPTURE_AUTORELEASING = YES;
				CLANG_WARN_BOOL_CONVERSION = YES;
				CLANG_WARN_COMMA = YES;
				CLANG_WARN_CONSTANT_CONVERSION = YES;
				CLANG_WARN_DEPRECATED_OBJC_IMPLEMENTATIONS = YES;
				CLANG_WARN_DIRECT_OBJC_ISA_USAGE = YES_ERROR;
				CLANG_WARN_DOCUMENTATION_COMMENTS = YES;
				CLANG_WARN_EMPTY_BODY = YES;
				CLANG_WARN_ENUM_CONVERSION = YES;
				CLANG_WARN_INFINITE_RECURSION = YES;
				CLANG_WARN_INT_CONVERSION = YES;
				CLANG_WARN_NON_LITERAL_NULL_CONVERSION = YES;
				CLANG_WARN_OBJC_IMPLICIT_RETAIN_SELF = YES;
				CLANG_WARN_OBJC_LITERAL_CONVERSION = YES;
				CLANG_WARN_OBJC_ROOT_CLASS = YES_ERROR;
				CLANG_WARN_RANGE_LOOP_ANALYSIS = YES;
				CLANG_WARN_STRICT_PROTOTYPES = YES;
				CLANG_WARN_SUSPICIOUS_MOVE = YES;
				CLANG_WARN_UNGUARDED_AVAILABILITY = YES_AGGRESSIVE;
				CLANG_WARN_UNREACHABLE_CODE = YES;
				CLANG_WARN__DUPLICATE_METHOD_MATCH = YES;
				COPY_PHASE_STRIP = NO;
				DEBUG_INFORMATION_FORMAT = dwarf;
				ENABLE_STRICT_OBJC_MSGSEND = YES;
				ENABLE_TESTABILITY = YES;
				GCC_C_LANGUAGE_STANDARD = gnu11;
				GCC_DYNAMIC_NO_PIC = NO;
				GCC_NO_COMMON_BLOCKS = YES;
				GCC_OPTIMIZATION_LEVEL = 0;
				GCC_PREPROCESSOR_DEFINITIONS = (
					"DEBUG=1",
					"$(inherited)",
				);
				GCC_WARN_64_TO_32_BIT_CONVERSION = YES;
				GCC_WARN_ABOUT_RETURN_TYPE = YES_ERROR;
				GCC_WARN_UNDECLARED_SELECTOR = YES;
				GCC_WARN_UNINITIALIZED_AUTOS = YES_AGGRESSIVE;
				GCC_WARN_UNUSED_FUNCTION = YES;
				GCC_WARN_UNUSED_VARIABLE = YES;
				IPHONEOS_DEPLOYMENT_TARGET = 13.6;
				MTL_ENABLE_DEBUG_INFO = INCLUDE_SOURCE;
				MTL_FAST_MATH = YES;
				ONLY_ACTIVE_ARCH = YES;
				SDKROOT = iphoneos;
				SWIFT_ACTIVE_COMPILATION_CONDITIONS = DEBUG;
				SWIFT_OPTIMIZATION_LEVEL = "-Onone";
			};
			name = Debug;
		};
		8AFB0F3124EB5D9500BA900D /* Release */ = {
			isa = XCBuildConfiguration;
			buildSettings = {
				ALWAYS_SEARCH_USER_PATHS = NO;
				CLANG_ANALYZER_NONNULL = YES;
				CLANG_ANALYZER_NUMBER_OBJECT_CONVERSION = YES_AGGRESSIVE;
				CLANG_CXX_LANGUAGE_STANDARD = "gnu++14";
				CLANG_CXX_LIBRARY = "libc++";
				CLANG_ENABLE_MODULES = YES;
				CLANG_ENABLE_OBJC_ARC = YES;
				CLANG_ENABLE_OBJC_WEAK = YES;
				CLANG_WARN_BLOCK_CAPTURE_AUTORELEASING = YES;
				CLANG_WARN_BOOL_CONVERSION = YES;
				CLANG_WARN_COMMA = YES;
				CLANG_WARN_CONSTANT_CONVERSION = YES;
				CLANG_WARN_DEPRECATED_OBJC_IMPLEMENTATIONS = YES;
				CLANG_WARN_DIRECT_OBJC_ISA_USAGE = YES_ERROR;
				CLANG_WARN_DOCUMENTATION_COMMENTS = YES;
				CLANG_WARN_EMPTY_BODY = YES;
				CLANG_WARN_ENUM_CONVERSION = YES;
				CLANG_WARN_INFINITE_RECURSION = YES;
				CLANG_WARN_INT_CONVERSION = YES;
				CLANG_WARN_NON_LITERAL_NULL_CONVERSION = YES;
				CLANG_WARN_OBJC_IMPLICIT_RETAIN_SELF = YES;
				CLANG_WARN_OBJC_LITERAL_CONVERSION = YES;
				CLANG_WARN_OBJC_ROOT_CLASS = YES_ERROR;
				CLANG_WARN_RANGE_LOOP_ANALYSIS = YES;
				CLANG_WARN_STRICT_PROTOTYPES = YES;
				CLANG_WARN_SUSPICIOUS_MOVE = YES;
				CLANG_WARN_UNGUARDED_AVAILABILITY = YES_AGGRESSIVE;
				CLANG_WARN_UNREACHABLE_CODE = YES;
				CLANG_WARN__DUPLICATE_METHOD_MATCH = YES;
				COPY_PHASE_STRIP = NO;
				DEBUG_INFORMATION_FORMAT = "dwarf-with-dsym";
				ENABLE_NS_ASSERTIONS = NO;
				ENABLE_STRICT_OBJC_MSGSEND = YES;
				GCC_C_LANGUAGE_STANDARD = gnu11;
				GCC_NO_COMMON_BLOCKS = YES;
				GCC_WARN_64_TO_32_BIT_CONVERSION = YES;
				GCC_WARN_ABOUT_RETURN_TYPE = YES_ERROR;
				GCC_WARN_UNDECLARED_SELECTOR = YES;
				GCC_WARN_UNINITIALIZED_AUTOS = YES_AGGRESSIVE;
				GCC_WARN_UNUSED_FUNCTION = YES;
				GCC_WARN_UNUSED_VARIABLE = YES;
				IPHONEOS_DEPLOYMENT_TARGET = 13.6;
				MTL_ENABLE_DEBUG_INFO = NO;
				MTL_FAST_MATH = YES;
				SDKROOT = iphoneos;
				SWIFT_COMPILATION_MODE = wholemodule;
				SWIFT_OPTIMIZATION_LEVEL = "-O";
				VALIDATE_PRODUCT = YES;
			};
			name = Release;
		};
		8AFB0F3324EB5D9500BA900D /* Debug */ = {
			isa = XCBuildConfiguration;
			buildSettings = {
				ASSETCATALOG_COMPILER_APPICON_NAME = AppIcon;
				CODE_SIGN_STYLE = Automatic;
				INFOPLIST_FILE = Syren/Info.plist;
				LD_RUNPATH_SEARCH_PATHS = (
					"$(inherited)",
					"@executable_path/Frameworks",
				);
				PRODUCT_BUNDLE_IDENTIFIER = com.joshualim.Syren;
				PRODUCT_NAME = "$(TARGET_NAME)";
				SWIFT_VERSION = 5.0;
				TARGETED_DEVICE_FAMILY = "1,2";
			};
			name = Debug;
		};
		8AFB0F3424EB5D9500BA900D /* Release */ = {
			isa = XCBuildConfiguration;
			buildSettings = {
				ASSETCATALOG_COMPILER_APPICON_NAME = AppIcon;
				CODE_SIGN_STYLE = Automatic;
				INFOPLIST_FILE = Syren/Info.plist;
				LD_RUNPATH_SEARCH_PATHS = (
					"$(inherited)",
					"@executable_path/Frameworks",
				);
				PRODUCT_BUNDLE_IDENTIFIER = com.joshualim.Syren;
				PRODUCT_NAME = "$(TARGET_NAME)";
				SWIFT_VERSION = 5.0;
				TARGETED_DEVICE_FAMILY = "1,2";
			};
			name = Release;
		};
/* End XCBuildConfiguration section */

/* Begin XCConfigurationList section */
		8AFB0F1924EB5D8E00BA900D /* Build configuration list for PBXProject "Syren" */ = {
			isa = XCConfigurationList;
			buildConfigurations = (
				8AFB0F3024EB5D9500BA900D /* Debug */,
				8AFB0F3124EB5D9500BA900D /* Release */,
			);
			defaultConfigurationIsVisible = 0;
			defaultConfigurationName = Release;
		};
		8AFB0F3224EB5D9500BA900D /* Build configuration list for PBXNativeTarget "Syren" */ = {
			isa = XCConfigurationList;
			buildConfigurations = (
				8AFB0F3324EB5D9500BA900D /* Debug */,
				8AFB0F3424EB5D9500BA900D /* Release */,
			);
			defaultConfigurationIsVisible = 0;
			defaultConfigurationName = Release;
		};
/* End XCConfigurationList section */
	};
	rootObject = 8AFB0F1624EB5D8E00BA900D /* Project object */;
}
